
Microsoft Visual Studio Solution File, Format Version 12.00
# Visual Studio 15
Project("{FAE04EC0-301F-11D3-BF4B-00C04F79EFBC}") = "Unity.Postprocessing.Runtime", "Unity.Postprocessing.Runtime.csproj", "{4E7BE271-FB87-EDF2-4051-60B43130B43F}"
EndProject
Project("{FAE04EC0-301F-11D3-BF4B-00C04F79EFBC}") = "Assembly-CSharp", "Assembly-CSharp.csproj", "{4FDFEC6C-4AF2-A3C0-2D42-0B70EC285F06}"
EndProject
Project("{FAE04EC0-301F-11D3-BF4B-00C04F79EFBC}") = "Assembly-CSharp-firstpass", "Assembly-CSharp-firstpass.csproj", "{C17E7187-5B85-B757-C861-0A98AE933425}"
EndProject
Project("{FAE04EC0-301F-11D3-BF4B-00C04F79EFBC}") = "Assembly-CSharp-Editor-firstpass", "Assembly-CSharp-Editor-firstpass.csproj", "{3D158FDF-ECE9-E080-7309-F46229F42804}"
EndProject
Project("{FAE04EC0-301F-11D3-BF4B-00C04F79EFBC}") = "Unity.Postprocessing.Editor", "Unity.Postprocessing.Editor.csproj", "{3D463F71-1A77-5B16-38F1-E1B2B47DBABA}"
EndProject
Global
	GlobalSection(SolutionConfigurationPlatforms) = preSolution
		Debug|Any CPU = Debug|Any CPU
		Release|Any CPU = Release|Any CPU
	EndGlobalSection
	GlobalSection(ProjectConfigurationPlatforms) = postSolution
		{4E7BE271-FB87-EDF2-4051-60B43130B43F}.Debug|Any CPU.ActiveCfg = Debug|Any CPU
		{4E7BE271-FB87-EDF2-4051-60B43130B43F}.Debug|Any CPU.Build.0 = Debug|Any CPU
		{4E7BE271-FB87-EDF2-4051-60B43130B43F}.Release|Any CPU.ActiveCfg = Release|Any CPU
		{4E7BE271-FB87-EDF2-4051-60B43130B43F}.Release|Any CPU.Build.0 = Release|Any CPU
		{4FDFEC6C-4AF2-A3C0-2D42-0B70EC285F06}.Debug|Any CPU.ActiveCfg = Debug|Any CPU
		{4FDFEC6C-4AF2-A3C0-2D42-0B70EC285F06}.Debug|Any CPU.Build.0 = Debug|Any CPU
		{4FDFEC6C-4AF2-A3C0-2D42-0B70EC285F06}.Release|Any CPU.ActiveCfg = Release|Any CPU
		{4FDFEC6C-4AF2-A3C0-2D42-0B70EC285F06}.Release|Any CPU.Build.0 = Release|Any CPU
		{C17E7187-5B85-B757-C861-0A98AE933425}.Debug|Any CPU.ActiveCfg = Debug|Any CPU
		{C17E7187-5B85-B757-C861-0A98AE933425}.Debug|Any CPU.Build.0 = Debug|Any CPU
		{C17E7187-5B85-B757-C861-0A98AE933425}.Release|Any CPU.ActiveCfg = Release|Any CPU
		{C17E7187-5B85-B757-C861-0A98AE933425}.Release|Any CPU.Build.0 = Release|Any CPU
		{3D158FDF-ECE9-E080-7309-F46229F42804}.Debug|Any CPU.ActiveCfg = Debug|Any CPU
		{3D158FDF-ECE9-E080-7309-F46229F42804}.Debug|Any CPU.Build.0 = Debug|Any CPU
		{3D158FDF-ECE9-E080-7309-F46229F42804}.Release|Any CPU.ActiveCfg = Release|Any CPU
		{3D158FDF-ECE9-E080-7309-F46229F42804}.Release|Any CPU.Build.0 = Release|Any CPU
		{3D463F71-1A77-5B16-38F1-E1B2B47DBABA}.Debug|Any CPU.ActiveCfg = Debug|Any CPU
		{3D463F71-1A77-5B16-38F1-E1B2B47DBABA}.Debug|Any CPU.Build.0 = Debug|Any CPU
		{3D463F71-1A77-5B16-38F1-E1B2B47DBABA}.Release|Any CPU.ActiveCfg = Release|Any CPU
		{3D463F71-1A77-5B16-38F1-E1B2B47DBABA}.Release|Any CPU.Build.0 = Release|Any CPU
	EndGlobalSection
	GlobalSection(SolutionProperties) = preSolution
		HideSolutionNode = FALSE
	EndGlobalSection
EndGlobal
